
Microsoft Visual Studio Solution File, Format Version 12.00
# Visual Studio Version 17
VisualStudioVersion = 17.3.32901.215
MinimumVisualStudioVersion = 10.0.40219.1
Project("{FAE04EC0-301F-11D3-BF4B-00C04F79EFBC}") = "Exo Banque", "Exo Banque\Exo Banque.csproj", "{9CA8F386-924F-4019-80AA-16EE970EDDED}"
EndProject
Global
	GlobalSection(SolutionConfigurationPlatforms) = preSolution
		Debug|Any CPU = Debug|Any CPU
		Release|Any CPU = Release|Any CPU
	EndGlobalSection
	GlobalSection(ProjectConfigurationPlatforms) = postSolution
		{9CA8F386-924F-4019-80AA-16EE970EDDED}.Debug|Any CPU.ActiveCfg = Debug|Any CPU
		{9CA8F386-924F-4019-80AA-16EE970EDDED}.Debug|Any CPU.Build.0 = Debug|Any CPU
		{9CA8F386-924F-4019-80AA-16EE970EDDED}.Release|Any CPU.ActiveCfg = Release|Any CPU
		{9CA8F386-924F-4019-80AA-16EE970EDDED}.Release|Any CPU.Build.0 = Release|Any CPU
	EndGlobalSection
	GlobalSection(SolutionProperties) = preSolution
		HideSolutionNode = FALSE
	EndGlobalSection
	GlobalSection(ExtensibilityGlobals) = postSolution
		SolutionGuid = {E0AF0071-FF40-4F5E-B05E-AAA7A99A783D}
	EndGlobalSection
EndGlobal
